
Microsoft Visual Studio Solution File, Format Version 12.00
# Visual Studio Version 17
VisualStudioVersion = 17.8.34511.84
MinimumVisualStudioVersion = 10.0.40219.1
Project("{2150E333-8FDC-42A3-9474-1A3956D46DE8}") = "Solution Items", "Solution Items", "{E9F7FEAE-60DC-4BC4-80DC-1C3CDE4F1B24}"
	ProjectSection(SolutionItems) = preProject
		.gitignore = .gitignore
	EndProjectSection
EndProject
Project("{9A19103F-16F7-4668-BE54-9A1E7A4F7556}") = "EurovisionOnMars.Wasm", "src\EurovisionOnMars.Wasm\EurovisionOnMars.Wasm.csproj", "{A8200B1A-CBC7-49AF-8373-74913E54EF75}"
EndProject
Project("{9A19103F-16F7-4668-BE54-9A1E7A4F7556}") = "EurovisionOnMars.Api", "src\EurovisionOnMars.Api\EurovisionOnMars.Api.csproj", "{AA135298-4074-4F37-B89A-18BA49F87883}"
EndProject
Project("{9A19103F-16F7-4668-BE54-9A1E7A4F7556}") = "EurovisionOnMars.Dto", "src\EurovisionOnMars.Dto\EurovisionOnMars.Dto.csproj", "{DD93864D-C308-444B-BC8C-9862A1FC655D}"
EndProject
Project("{9A19103F-16F7-4668-BE54-9A1E7A4F7556}") = "EurovisionOnMars.Entity", "src\EurovisionOnMars.Entity\EurovisionOnMars.Entity.csproj", "{870B82B7-B223-44E9-B7C0-42DA2C0ACF27}"
EndProject
Project("{9A19103F-16F7-4668-BE54-9A1E7A4F7556}") = "EurovisionOnMars.Api.Test", "test\EurovisionOnMars.Api.Test\EurovisionOnMars.Api.Test.csproj", "{11329C45-DAD2-4AAF-A443-8266D37271F3}"
EndProject
Project("{9A19103F-16F7-4668-BE54-9A1E7A4F7556}") = "EurovisionOnMars.CustomException", "src\EurovisionOnMars.CustomException\EurovisionOnMars.CustomException.csproj", "{82E38281-3C15-411D-8090-60D2721F4DB0}"
EndProject
Global
	GlobalSection(SolutionConfigurationPlatforms) = preSolution
		Debug|Any CPU = Debug|Any CPU
		Release|Any CPU = Release|Any CPU
	EndGlobalSection
	GlobalSection(ProjectConfigurationPlatforms) = postSolution
		{A8200B1A-CBC7-49AF-8373-74913E54EF75}.Debug|Any CPU.ActiveCfg = Debug|Any CPU
		{A8200B1A-CBC7-49AF-8373-74913E54EF75}.Debug|Any CPU.Build.0 = Debug|Any CPU
		{A8200B1A-CBC7-49AF-8373-74913E54EF75}.Release|Any CPU.ActiveCfg = Release|Any CPU
		{A8200B1A-CBC7-49AF-8373-74913E54EF75}.Release|Any CPU.Build.0 = Release|Any CPU
		{AA135298-4074-4F37-B89A-18BA49F87883}.Debug|Any CPU.ActiveCfg = Debug|Any CPU
		{AA135298-4074-4F37-B89A-18BA49F87883}.Debug|Any CPU.Build.0 = Debug|Any CPU
		{AA135298-4074-4F37-B89A-18BA49F87883}.Release|Any CPU.ActiveCfg = Release|Any CPU
		{AA135298-4074-4F37-B89A-18BA49F87883}.Release|Any CPU.Build.0 = Release|Any CPU
		{DD93864D-C308-444B-BC8C-9862A1FC655D}.Debug|Any CPU.ActiveCfg = Debug|Any CPU
		{DD93864D-C308-444B-BC8C-9862A1FC655D}.Debug|Any CPU.Build.0 = Debug|Any CPU
		{DD93864D-C308-444B-BC8C-9862A1FC655D}.Release|Any CPU.ActiveCfg = Release|Any CPU
		{DD93864D-C308-444B-BC8C-9862A1FC655D}.Release|Any CPU.Build.0 = Release|Any CPU
		{870B82B7-B223-44E9-B7C0-42DA2C0ACF27}.Debug|Any CPU.ActiveCfg = Debug|Any CPU
		{870B82B7-B223-44E9-B7C0-42DA2C0ACF27}.Debug|Any CPU.Build.0 = Debug|Any CPU
		{870B82B7-B223-44E9-B7C0-42DA2C0ACF27}.Release|Any CPU.ActiveCfg = Release|Any CPU
		{870B82B7-B223-44E9-B7C0-42DA2C0ACF27}.Release|Any CPU.Build.0 = Release|Any CPU
		{11329C45-DAD2-4AAF-A443-8266D37271F3}.Debug|Any CPU.ActiveCfg = Debug|Any CPU
		{11329C45-DAD2-4AAF-A443-8266D37271F3}.Debug|Any CPU.Build.0 = Debug|Any CPU
		{11329C45-DAD2-4AAF-A443-8266D37271F3}.Release|Any CPU.ActiveCfg = Release|Any CPU
		{11329C45-DAD2-4AAF-A443-8266D37271F3}.Release|Any CPU.Build.0 = Release|Any CPU
		{82E38281-3C15-411D-8090-60D2721F4DB0}.Debug|Any CPU.ActiveCfg = Debug|Any CPU
		{82E38281-3C15-411D-8090-60D2721F4DB0}.Debug|Any CPU.Build.0 = Debug|Any CPU
		{82E38281-3C15-411D-8090-60D2721F4DB0}.Release|Any CPU.ActiveCfg = Release|Any CPU
		{82E38281-3C15-411D-8090-60D2721F4DB0}.Release|Any CPU.Build.0 = Release|Any CPU
	EndGlobalSection
	GlobalSection(SolutionProperties) = preSolution
		HideSolutionNode = FALSE
	EndGlobalSection
	GlobalSection(ExtensibilityGlobals) = postSolution
		SolutionGuid = {0FAF1947-C5CD-4CB9-8097-04B129D38914}
	EndGlobalSection
EndGlobal
